{
    "name": "bugdesk",
    "version": "0.2.0",
    "lockfileVersion": 3,
    "requires": true,
    "packages": {
        "": {
            "name": "bugdesk",
            "version": "0.2.0",
            "license": "MIT",
            "devDependencies": {
                "flexdesk": "^0.2.0"
            }
        },
        "node_modules/flexdesk": {
            "version": "0.2.0",
            "resolved": "https://registry.npmjs.org/flexdesk/-/flexdesk-0.2.0.tgz",
            "integrity": "sha512-8gF6SJqJmLNCOPfph6ZwFOCILMP3teLbbRr5PLtE2kFQufUG/Ty9dkJiwhJua30W0d8sI8+eL91urOemJD/OKA==",
            "dev": true,
            "license": "MIT",
            "peerDependenciesMeta": {
                "monaco-editor": {
                    "optional": true
                },
                "plotly.js": {
                    "optional": true
                }
            }
        }
    }
}
